
Microsoft Visual Studio Solution File, Format Version 10.00
# Visual Studio 2008
Project("{E24C65DC-7377-472B-9ABA-BC803B73C61A}") = "Joagraphic", ".\Joagraphic\", "{0B3CA4E5-9B09-4618-B8D8-4FE2D9FFCE69}"
	ProjectSection(WebsiteProperties) = preProject
		TargetFramework = "3.5"
		Debug.AspNetCompiler.VirtualPath = "/Joagraphic"
		Debug.AspNetCompiler.PhysicalPath = ".\Joagraphic\"
		Debug.AspNetCompiler.TargetPath = "PrecompiledWeb\Joagraphic\"
		Debug.AspNetCompiler.Updateable = "true"
		Debug.AspNetCompiler.ForceOverwrite = "true"
		Debug.AspNetCompiler.FixedNames = "false"
		Debug.AspNetCompiler.Debug = "True"
		Release.AspNetCompiler.VirtualPath = "/Joagraphic"
		Release.AspNetCompiler.PhysicalPath = ".\Joagraphic\"
		Release.AspNetCompiler.TargetPath = "PrecompiledWeb\Joagraphic\"
		Release.AspNetCompiler.Updateable = "true"
		Release.AspNetCompiler.ForceOverwrite = "true"
		Release.AspNetCompiler.FixedNames = "false"
		Release.AspNetCompiler.Debug = "False"
		VWDPort = "4898"
	EndProjectSection
EndProject
Global
	GlobalSection(SolutionConfigurationPlatforms) = preSolution
		Debug|.NET = Debug|.NET
	EndGlobalSection
	GlobalSection(ProjectConfigurationPlatforms) = postSolution
		{0B3CA4E5-9B09-4618-B8D8-4FE2D9FFCE69}.Debug|.NET.ActiveCfg = Debug|.NET
		{0B3CA4E5-9B09-4618-B8D8-4FE2D9FFCE69}.Debug|.NET.Build.0 = Debug|.NET
	EndGlobalSection
	GlobalSection(SolutionProperties) = preSolution
		HideSolutionNode = FALSE
	EndGlobalSection
EndGlobal
