
Microsoft Visual Studio Solution File, Format Version 10.00
# Visual Studio 2008
Project("{E24C65DC-7377-472B-9ABA-BC803B73C61A}") = "Joagraphic", "http://localhost/Joagraphic", "{C2D2FF11-5238-40AD-89F5-C6FD3CAFF5E7}"
	ProjectSection(WebsiteProperties) = preProject
		TargetFramework = "3.5"
		Debug.AspNetCompiler.VirtualPath = "/Joagraphic"
		Debug.AspNetCompiler.PhysicalPath = "..\..\..\..\..\..\inetpub\wwwroot\Joagraphic\"
		Debug.AspNetCompiler.TargetPath = "PrecompiledWeb\Joagraphic\"
		Debug.AspNetCompiler.Updateable = "true"
		Debug.AspNetCompiler.ForceOverwrite = "true"
		Debug.AspNetCompiler.FixedNames = "false"
		Debug.AspNetCompiler.Debug = "True"
		Release.AspNetCompiler.VirtualPath = "/Joagraphic"
		Release.AspNetCompiler.PhysicalPath = "..\..\..\..\..\..\inetpub\wwwroot\Joagraphic\"
		Release.AspNetCompiler.TargetPath = "PrecompiledWeb\Joagraphic\"
		Release.AspNetCompiler.Updateable = "true"
		Release.AspNetCompiler.ForceOverwrite = "true"
		Release.AspNetCompiler.FixedNames = "false"
		Release.AspNetCompiler.Debug = "False"
		SlnRelativePath = "..\..\..\..\..\..\inetpub\wwwroot\Joagraphic\"
	EndProjectSection
EndProject
Global
	GlobalSection(SolutionConfigurationPlatforms) = preSolution
		Debug|Any CPU = Debug|Any CPU
	EndGlobalSection
	GlobalSection(ProjectConfigurationPlatforms) = postSolution
		{C2D2FF11-5238-40AD-89F5-C6FD3CAFF5E7}.Debug|Any CPU.ActiveCfg = Debug|Any CPU
		{C2D2FF11-5238-40AD-89F5-C6FD3CAFF5E7}.Debug|Any CPU.Build.0 = Debug|Any CPU
	EndGlobalSection
	GlobalSection(SolutionProperties) = preSolution
		HideSolutionNode = FALSE
	EndGlobalSection
EndGlobal
